// !$*UTF8*$!
{
	archiveVersion = 1;
	classes = {
	};
	objectVersion = 50;
	objects = {

/* Begin PBXBuildFile section */
		334E62B426EA5B1DDBAF3641 /* Pods_LocaAlarm.framework in Frameworks */ = {isa = PBXBuildFile; fileRef = 8E0BD219F187730DE60420A1 /* Pods_LocaAlarm.framework */; };
		6F118ABE21E93D0100B9F2CB /* pickerData.swift in Sources */ = {isa = PBXBuildFile; fileRef = 6F118ABD21E93D0100B9F2CB /* pickerData.swift */; };
		6F1C386721E91221006E2024 /* AppDelegate.swift in Sources */ = {isa = PBXBuildFile; fileRef = 6F1C386621E91221006E2024 /* AppDelegate.swift */; };
		6F1C386921E91221006E2024 /* ViewController.swift in Sources */ = {isa = PBXBuildFile; fileRef = 6F1C386821E91221006E2024 /* ViewController.swift */; };
		6F1C386C21E91221006E2024 /* Main.storyboard in Resources */ = {isa = PBXBuildFile; fileRef = 6F1C386A21E91221006E2024 /* Main.storyboard */; };
		6F1C386E21E91222006E2024 /* Assets.xcassets in Resources */ = {isa = PBXBuildFile; fileRef = 6F1C386D21E91222006E2024 /* Assets.xcassets */; };
		6F1C387121E91222006E2024 /* LaunchScreen.storyboard in Resources */ = {isa = PBXBuildFile; fileRef = 6F1C386F21E91222006E2024 /* LaunchScreen.storyboard */; };
		6F1C387C21E91438006E2024 /* AddViewController.swift in Sources */ = {isa = PBXBuildFile; fileRef = 6F1C387B21E91438006E2024 /* AddViewController.swift */; };
		6F1C387E21E9144B006E2024 /* ReminderViewController.swift in Sources */ = {isa = PBXBuildFile; fileRef = 6F1C387D21E9144B006E2024 /* ReminderViewController.swift */; };
/* End PBXBuildFile section */

/* Begin PBXFileReference section */
		6043C0407DC50D66D0972E3C /* Pods-LocaAlarm.debug.xcconfig */ = {isa = PBXFileReference; includeInIndex = 1; lastKnownFileType = text.xcconfig; name = "Pods-LocaAlarm.debug.xcconfig"; path = "Pods/Target Support Files/Pods-LocaAlarm/Pods-LocaAlarm.debug.xcconfig"; sourceTree = "<group>"; };
		6F118ABD21E93D0100B9F2CB /* pickerData.swift */ = {isa = PBXFileReference; lastKnownFileType = sourcecode.swift; path = pickerData.swift; sourceTree = "<group>"; };
		6F1C386321E91221006E2024 /* LocaAlarm.app */ = {isa = PBXFileReference; explicitFileType = wrapper.application; includeInIndex = 0; path = LocaAlarm.app; sourceTree = BUILT_PRODUCTS_DIR; };
		6F1C386621E91221006E2024 /* AppDelegate.swift */ = {isa = PBXFileReference; lastKnownFileType = sourcecode.swift; path = AppDelegate.swift; sourceTree = "<group>"; };
		6F1C386821E91221006E2024 /* ViewController.swift */ = {isa = PBXFileReference; lastKnownFileType = sourcecode.swift; path = ViewController.swift; sourceTree = "<group>"; };
		6F1C386B21E91221006E2024 /* Base */ = {isa = PBXFileReference; lastKnownFileType = file.storyboard; name = Base; path = Base.lproj/Main.storyboard; sourceTree = "<group>"; };
		6F1C386D21E91222006E2024 /* Assets.xcassets */ = {isa = PBXFileReference; lastKnownFileType = folder.assetcatalog; path = Assets.xcassets; sourceTree = "<group>"; };
		6F1C387021E91222006E2024 /* Base */ = {isa = PBXFileReference; lastKnownFileType = file.storyboard; name = Base; path = Base.lproj/LaunchScreen.storyboard; sourceTree = "<group>"; };
		6F1C387221E91222006E2024 /* Info.plist */ = {isa = PBXFileReference; lastKnownFileType = text.plist.xml; path = Info.plist; sourceTree = "<group>"; };
		6F1C387B21E91438006E2024 /* AddViewController.swift */ = {isa = PBXFileReference; lastKnownFileType = sourcecode.swift; path = AddViewController.swift; sourceTree = "<group>"; };
		6F1C387D21E9144B006E2024 /* ReminderViewController.swift */ = {isa = PBXFileReference; lastKnownFileType = sourcecode.swift; path = ReminderViewController.swift; sourceTree = "<group>"; };
		8E0BD219F187730DE60420A1 /* Pods_LocaAlarm.framework */ = {isa = PBXFileReference; explicitFileType = wrapper.framework; includeInIndex = 0; path = Pods_LocaAlarm.framework; sourceTree = BUILT_PRODUCTS_DIR; };
		FC068B18AD37F42CD3F67DFC /* Pods-LocaAlarm.release.xcconfig */ = {isa = PBXFileReference; includeInIndex = 1; lastKnownFileType = text.xcconfig; name = "Pods-LocaAlarm.release.xcconfig"; path = "Pods/Target Support Files/Pods-LocaAlarm/Pods-LocaAlarm.release.xcconfig"; sourceTree = "<group>"; };
/* End PBXFileReference section */

/* Begin PBXFrameworksBuildPhase section */
		6F1C386021E91221006E2024 /* Frameworks */ = {
			isa = PBXFrameworksBuildPhase;
			buildActionMask = 2147483647;
			files = (
				334E62B426EA5B1DDBAF3641 /* Pods_LocaAlarm.framework in Frameworks */,
			);
			runOnlyForDeploymentPostprocessing = 0;
		};
/* End PBXFrameworksBuildPhase section */

/* Begin PBXGroup section */
		039084C76F1F270E23F3553F /* Frameworks */ = {
			isa = PBXGroup;
			children = (
				8E0BD219F187730DE60420A1 /* Pods_LocaAlarm.framework */,
			);
			name = Frameworks;
			sourceTree = "<group>";
		};
		6F1C385A21E91221006E2024 = {
			isa = PBXGroup;
			children = (
				6F1C386521E91221006E2024 /* LocaAlarm */,
				6F1C386421E91221006E2024 /* Products */,
				8CCE6A0ED06A7C513A6E044B /* Pods */,
				039084C76F1F270E23F3553F /* Frameworks */,
			);
			sourceTree = "<group>";
		};
		6F1C386421E91221006E2024 /* Products */ = {
			isa = PBXGroup;
			children = (
				6F1C386321E91221006E2024 /* LocaAlarm.app */,
			);
			name = Products;
			sourceTree = "<group>";
		};
		6F1C386521E91221006E2024 /* LocaAlarm */ = {
			isa = PBXGroup;
			children = (
				6F1C387A21E912C9006E2024 /* Model */,
				6F1C387921E912B8006E2024 /* Controller */,
				6F1C387821E91291006E2024 /* View */,
				6F1C387221E91222006E2024 /* Info.plist */,
			);
			path = LocaAlarm;
			sourceTree = "<group>";
		};
		6F1C387821E91291006E2024 /* View */ = {
			isa = PBXGroup;
			children = (
				6F1C386A21E91221006E2024 /* Main.storyboard */,
				6F1C386F21E91222006E2024 /* LaunchScreen.storyboard */,
				6F1C386D21E91222006E2024 /* Assets.xcassets */,
			);
			path = View;
			sourceTree = "<group>";
		};
		6F1C387921E912B8006E2024 /* Controller */ = {
			isa = PBXGroup;
			children = (
				6F1C386621E91221006E2024 /* AppDelegate.swift */,
				6F1C386821E91221006E2024 /* ViewController.swift */,
				6F1C387B21E91438006E2024 /* AddViewController.swift */,
				6F1C387D21E9144B006E2024 /* ReminderViewController.swift */,
			);
			path = Controller;
			sourceTree = "<group>";
		};
		6F1C387A21E912C9006E2024 /* Model */ = {
			isa = PBXGroup;
			children = (
				6F118ABD21E93D0100B9F2CB /* pickerData.swift */,
			);
			path = Model;
			sourceTree = "<group>";
		};
		8CCE6A0ED06A7C513A6E044B /* Pods */ = {
			isa = PBXGroup;
			children = (
				6043C0407DC50D66D0972E3C /* Pods-LocaAlarm.debug.xcconfig */,
				FC068B18AD37F42CD3F67DFC /* Pods-LocaAlarm.release.xcconfig */,
			);
			name = Pods;
			sourceTree = "<group>";
		};
/* End PBXGroup section */

/* Begin PBXNativeTarget section */
		6F1C386221E91221006E2024 /* LocaAlarm */ = {
			isa = PBXNativeTarget;
			buildConfigurationList = 6F1C387521E91222006E2024 /* Build configuration list for PBXNativeTarget "LocaAlarm" */;
			buildPhases = (
				4E381BAF539EA23FF2F16E69 /* [CP] Check Pods Manifest.lock */,
				6F1C385F21E91221006E2024 /* Sources */,
				6F1C386021E91221006E2024 /* Frameworks */,
				6F1C386121E91221006E2024 /* Resources */,
				7D99DECD586DB322317DBD83 /* [CP] Embed Pods Frameworks */,
			);
			buildRules = (
			);
			dependencies = (
			);
			name = LocaAlarm;
			productName = LocaAlarm;
			productReference = 6F1C386321E91221006E2024 /* LocaAlarm.app */;
			productType = "com.apple.product-type.application";
		};
/* End PBXNativeTarget section */

/* Begin PBXProject section */
		6F1C385B21E91221006E2024 /* Project object */ = {
			isa = PBXProject;
			attributes = {
				LastSwiftUpdateCheck = 1010;
				LastUpgradeCheck = 1010;
				ORGANIZATIONNAME = Dhrubojyoti;
				TargetAttributes = {
					6F1C386221E91221006E2024 = {
						CreatedOnToolsVersion = 10.1;
					};
				};
			};
			buildConfigurationList = 6F1C385E21E91221006E2024 /* Build configuration list for PBXProject "LocaAlarm" */;
			compatibilityVersion = "Xcode 9.3";
			developmentRegion = en;
			hasScannedForEncodings = 0;
			knownRegions = (
				en,
				Base,
			);
			mainGroup = 6F1C385A21E91221006E2024;
			productRefGroup = 6F1C386421E91221006E2024 /* Products */;
			projectDirPath = "";
			projectRoot = "";
			targets = (
				6F1C386221E91221006E2024 /* LocaAlarm */,
			);
		};
/* End PBXProject section */

/* Begin PBXResourcesBuildPhase section */
		6F1C386121E91221006E2024 /* Resources */ = {
			isa = PBXResourcesBuildPhase;
			buildActionMask = 2147483647;
			files = (
				6F1C387121E91222006E2024 /* LaunchScreen.storyboard in Resources */,
				6F1C386E21E91222006E2024 /* Assets.xcassets in Resources */,
				6F1C386C21E91221006E2024 /* Main.storyboard in Resources */,
			);
			runOnlyForDeploymentPostprocessing = 0;
		};
/* End PBXResourcesBuildPhase section */

/* Begin PBXShellScriptBuildPhase section */
		4E381BAF539EA23FF2F16E69 /* [CP] Check Pods Manifest.lock */ = {
			isa = PBXShellScriptBuildPhase;
			buildActionMask = 2147483647;
			files = (
			);
			inputFileListPaths = (
			);
			inputPaths = (
				"${PODS_PODFILE_DIR_PATH}/Podfile.lock",
				"${PODS_ROOT}/Manifest.lock",
			);
			name = "[CP] Check Pods Manifest.lock";
			outputFileListPaths = (
			);
			outputPaths = (
				"$(DERIVED_FILE_DIR)/Pods-LocaAlarm-checkManifestLockResult.txt",
			);
			runOnlyForDeploymentPostprocessing = 0;
			shellPath = /bin/sh;
			shellScript = "diff \"${PODS_PODFILE_DIR_PATH}/Podfile.lock\" \"${PODS_ROOT}/Manifest.lock\" > /dev/null\nif [ $? != 0 ] ; then\n    # print error to STDERR\n    echo \"error: The sandbox is not in sync with the Podfile.lock. Run 'pod install' or update your CocoaPods installation.\" >&2\n    exit 1\nfi\n# This output is used by Xcode 'outputs' to avoid re-running this script phase.\necho \"SUCCESS\" > \"${SCRIPT_OUTPUT_FILE_0}\"\n";
			showEnvVarsInLog = 0;
		};
		7D99DECD586DB322317DBD83 /* [CP] Embed Pods Frameworks */ = {
			isa = PBXShellScriptBuildPhase;
			buildActionMask = 2147483647;
			files = (
			);
			inputFileListPaths = (
			);
			inputPaths = (
				"${SRCROOT}/Pods/Target Support Files/Pods-LocaAlarm/Pods-LocaAlarm-frameworks.sh",
				"${BUILT_PRODUCTS_DIR}/DLLocalNotifications/DLLocalNotifications.framework",
				"${BUILT_PRODUCTS_DIR}/LocationPicker/LocationPicker.framework",
				"${BUILT_PRODUCTS_DIR}/SVProgressHUD/SVProgressHUD.framework",
			);
			name = "[CP] Embed Pods Frameworks";
			outputFileListPaths = (
			);
			outputPaths = (
				"${TARGET_BUILD_DIR}/${FRAMEWORKS_FOLDER_PATH}/DLLocalNotifications.framework",
				"${TARGET_BUILD_DIR}/${FRAMEWORKS_FOLDER_PATH}/LocationPicker.framework",
				"${TARGET_BUILD_DIR}/${FRAMEWORKS_FOLDER_PATH}/SVProgressHUD.framework",
			);
			runOnlyForDeploymentPostprocessing = 0;
			shellPath = /bin/sh;
			shellScript = "\"${SRCROOT}/Pods/Target Support Files/Pods-LocaAlarm/Pods-LocaAlarm-frameworks.sh\"\n";
			showEnvVarsInLog = 0;
		};
/* End PBXShellScriptBuildPhase section */

/* Begin PBXSourcesBuildPhase section */
		6F1C385F21E91221006E2024 /* Sources */ = {
			isa = PBXSourcesBuildPhase;
			buildActionMask = 2147483647;
			files = (
				6F1C387E21E9144B006E2024 /* ReminderViewController.swift in Sources */,
				6F118ABE21E93D0100B9F2CB /* pickerData.swift in Sources */,
				6F1C386921E91221006E2024 /* ViewController.swift in Sources */,
				6F1C386721E91221006E2024 /* AppDelegate.swift in Sources */,
				6F1C387C21E91438006E2024 /* AddViewController.swift in Sources */,
			);
			runOnlyForDeploymentPostprocessing = 0;
		};
/* End PBXSourcesBuildPhase section */

/* Begin PBXVariantGroup section */
		6F1C386A21E91221006E2024 /* Main.storyboard */ = {
			isa = PBXVariantGroup;
			children = (
				6F1C386B21E91221006E2024 /* Base */,
			);
			name = Main.storyboard;
			sourceTree = "<group>";
		};
		6F1C386F21E91222006E2024 /* LaunchScreen.storyboard */ = {
			isa = PBXVariantGroup;
			children = (
				6F1C387021E91222006E2024 /* Base */,
			);
			name = LaunchScreen.storyboard;
			sourceTree = "<group>";
		};
/* End PBXVariantGroup section */

/* Begin XCBuildConfiguration section */
		6F1C387321E91222006E2024 /* Debug */ = {
			isa = XCBuildConfiguration;
			buildSettings = {
				ALWAYS_SEARCH_USER_PATHS = NO;
				CLANG_ANALYZER_NONNULL = YES;
				CLANG_ANALYZER_NUMBER_OBJECT_CONVERSION = YES_AGGRESSIVE;
				CLANG_CXX_LANGUAGE_STANDARD = "gnu++14";
				CLANG_CXX_LIBRARY = "libc++";
				CLANG_ENABLE_MODULES = YES;
				CLANG_ENABLE_OBJC_ARC = YES;
				CLANG_ENABLE_OBJC_WEAK = YES;
				CLANG_WARN_BLOCK_CAPTURE_AUTORELEASING = YES;
				CLANG_WARN_BOOL_CONVERSION = YES;
				CLANG_WARN_COMMA = YES;
				CLANG_WARN_CONSTANT_CONVERSION = YES;
				CLANG_WARN_DEPRECATED_OBJC_IMPLEMENTATIONS = YES;
				CLANG_WARN_DIRECT_OBJC_ISA_USAGE = YES_ERROR;
				CLANG_WARN_DOCUMENTATION_COMMENTS = YES;
				CLANG_WARN_EMPTY_BODY = YES;
				CLANG_WARN_ENUM_CONVERSION = YES;
				CLANG_WARN_INFINITE_RECURSION = YES;
				CLANG_WARN_INT_CONVERSION = YES;
				CLANG_WARN_NON_LITERAL_NULL_CONVERSION = YES;
				CLANG_WARN_OBJC_IMPLICIT_RETAIN_SELF = YES;
				CLANG_WARN_OBJC_LITERAL_CONVERSION = YES;
				CLANG_WARN_OBJC_ROOT_CLASS = YES_ERROR;
				CLANG_WARN_RANGE_LOOP_ANALYSIS = YES;
				CLANG_WARN_STRICT_PROTOTYPES = YES;
				CLANG_WARN_SUSPICIOUS_MOVE = YES;
				CLANG_WARN_UNGUARDED_AVAILABILITY = YES_AGGRESSIVE;
				CLANG_WARN_UNREACHABLE_CODE = YES;
				CLANG_WARN__DUPLICATE_METHOD_MATCH = YES;
				CODE_SIGN_IDENTITY = "iPhone Developer";
				COPY_PHASE_STRIP = NO;
				DEBUG_INFORMATION_FORMAT = dwarf;
				ENABLE_STRICT_OBJC_MSGSEND = YES;
				ENABLE_TESTABILITY = YES;
				GCC_C_LANGUAGE_STANDARD = gnu11;
				GCC_DYNAMIC_NO_PIC = NO;
				GCC_NO_COMMON_BLOCKS = YES;
				GCC_OPTIMIZATION_LEVEL = 0;
				GCC_PREPROCESSOR_DEFINITIONS = (
					"DEBUG=1",
					"$(inherited)",
				);
				GCC_WARN_64_TO_32_BIT_CONVERSION = YES;
				GCC_WARN_ABOUT_RETURN_TYPE = YES_ERROR;
				GCC_WARN_UNDECLARED_SELECTOR = YES;
				GCC_WARN_UNINITIALIZED_AUTOS = YES_AGGRESSIVE;
				GCC_WARN_UNUSED_FUNCTION = YES;
				GCC_WARN_UNUSED_VARIABLE = YES;
				IPHONEOS_DEPLOYMENT_TARGET = 12.1;
				MTL_ENABLE_DEBUG_INFO = INCLUDE_SOURCE;
				MTL_FAST_MATH = YES;
				ONLY_ACTIVE_ARCH = YES;
				SDKROOT = iphoneos;
				SWIFT_ACTIVE_COMPILATION_CONDITIONS = DEBUG;
				SWIFT_OPTIMIZATION_LEVEL = "-Onone";
			};
			name = Debug;
		};
		6F1C387421E91222006E2024 /* Release */ = {
			isa = XCBuildConfiguration;
			buildSettings = {
				ALWAYS_SEARCH_USER_PATHS = NO;
				CLANG_ANALYZER_NONNULL = YES;
				CLANG_ANALYZER_NUMBER_OBJECT_CONVERSION = YES_AGGRESSIVE;
				CLANG_CXX_LANGUAGE_STANDARD = "gnu++14";
				CLANG_CXX_LIBRARY = "libc++";
				CLANG_ENABLE_MODULES = YES;
				CLANG_ENABLE_OBJC_ARC = YES;
				CLANG_ENABLE_OBJC_WEAK = YES;
				CLANG_WARN_BLOCK_CAPTURE_AUTORELEASING = YES;
				CLANG_WARN_BOOL_CONVERSION = YES;
				CLANG_WARN_COMMA = YES;
				CLANG_WARN_CONSTANT_CONVERSION = YES;
				CLANG_WARN_DEPRECATED_OBJC_IMPLEMENTATIONS = YES;
				CLANG_WARN_DIRECT_OBJC_ISA_USAGE = YES_ERROR;
				CLANG_WARN_DOCUMENTATION_COMMENTS = YES;
				CLANG_WARN_EMPTY_BODY = YES;
				CLANG_WARN_ENUM_CONVERSION = YES;
				CLANG_WARN_INFINITE_RECURSION = YES;
				CLANG_WARN_INT_CONVERSION = YES;
				CLANG_WARN_NON_LITERAL_NULL_CONVERSION = YES;
				CLANG_WARN_OBJC_IMPLICIT_RETAIN_SELF = YES;
				CLANG_WARN_OBJC_LITERAL_CONVERSION = YES;
				CLANG_WARN_OBJC_ROOT_CLASS = YES_ERROR;
				CLANG_WARN_RANGE_LOOP_ANALYSIS = YES;
				CLANG_WARN_STRICT_PROTOTYPES = YES;
				CLANG_WARN_SUSPICIOUS_MOVE = YES;
				CLANG_WARN_UNGUARDED_AVAILABILITY = YES_AGGRESSIVE;
				CLANG_WARN_UNREACHABLE_CODE = YES;
				CLANG_WARN__DUPLICATE_METHOD_MATCH = YES;
				CODE_SIGN_IDENTITY = "iPhone Developer";
				COPY_PHASE_STRIP = NO;
				DEBUG_INFORMATION_FORMAT = "dwarf-with-dsym";
				ENABLE_NS_ASSERTIONS = NO;
				ENABLE_STRICT_OBJC_MSGSEND = YES;
				GCC_C_LANGUAGE_STANDARD = gnu11;
				GCC_NO_COMMON_BLOCKS = YES;
				GCC_WARN_64_TO_32_BIT_CONVERSION = YES;
				GCC_WARN_ABOUT_RETURN_TYPE = YES_ERROR;
				GCC_WARN_UNDECLARED_SELECTOR = YES;
				GCC_WARN_UNINITIALIZED_AUTOS = YES_AGGRESSIVE;
				GCC_WARN_UNUSED_FUNCTION = YES;
				GCC_WARN_UNUSED_VARIABLE = YES;
				IPHONEOS_DEPLOYMENT_TARGET = 12.1;
				MTL_ENABLE_DEBUG_INFO = NO;
				MTL_FAST_MATH = YES;
				SDKROOT = iphoneos;
				SWIFT_COMPILATION_MODE = wholemodule;
				SWIFT_OPTIMIZATION_LEVEL = "-O";
				VALIDATE_PRODUCT = YES;
			};
			name = Release;
		};
		6F1C387621E91222006E2024 /* Debug */ = {
			isa = XCBuildConfiguration;
			baseConfigurationReference = 6043C0407DC50D66D0972E3C /* Pods-LocaAlarm.debug.xcconfig */;
			buildSettings = {
				ASSETCATALOG_COMPILER_APPICON_NAME = AppIcon;
				CODE_SIGN_STYLE = Automatic;
				DEVELOPMENT_TEAM = 55DX457GXB;
				INFOPLIST_FILE = LocaAlarm/Info.plist;
				LD_RUNPATH_SEARCH_PATHS = (
					"$(inherited)",
					"@executable_path/Frameworks",
				);
				PRODUCT_BUNDLE_IDENTIFIER = com.dhrubojyoti.LocaAlarm;
				PRODUCT_NAME = "$(TARGET_NAME)";
				SWIFT_VERSION = 4.2;
				TARGETED_DEVICE_FAMILY = 1;
			};
			name = Debug;
		};
		6F1C387721E91222006E2024 /* Release */ = {
			isa = XCBuildConfiguration;
			baseConfigurationReference = FC068B18AD37F42CD3F67DFC /* Pods-LocaAlarm.release.xcconfig */;
			buildSettings = {
				ASSETCATALOG_COMPILER_APPICON_NAME = AppIcon;
				CODE_SIGN_STYLE = Automatic;
				DEVELOPMENT_TEAM = 55DX457GXB;
				INFOPLIST_FILE = LocaAlarm/Info.plist;
				LD_RUNPATH_SEARCH_PATHS = (
					"$(inherited)",
					"@executable_path/Frameworks",
				);
				PRODUCT_BUNDLE_IDENTIFIER = com.dhrubojyoti.LocaAlarm;
				PRODUCT_NAME = "$(TARGET_NAME)";
				SWIFT_VERSION = 4.2;
				TARGETED_DEVICE_FAMILY = 1;
			};
			name = Release;
		};
/* End XCBuildConfiguration section */

/* Begin XCConfigurationList section */
		6F1C385E21E91221006E2024 /* Build configuration list for PBXProject "LocaAlarm" */ = {
			isa = XCConfigurationList;
			buildConfigurations = (
				6F1C387321E91222006E2024 /* Debug */,
				6F1C387421E91222006E2024 /* Release */,
			);
			defaultConfigurationIsVisible = 0;
			defaultConfigurationName = Release;
		};
		6F1C387521E91222006E2024 /* Build configuration list for PBXNativeTarget "LocaAlarm" */ = {
			isa = XCConfigurationList;
			buildConfigurations = (
				6F1C387621E91222006E2024 /* Debug */,
				6F1C387721E91222006E2024 /* Release */,
			);
			defaultConfigurationIsVisible = 0;
			defaultConfigurationName = Release;
		};
/* End XCConfigurationList section */
	};
	rootObject = 6F1C385B21E91221006E2024 /* Project object */;
}
